
Microsoft Visual Studio Solution File, Format Version 12.00
# Visual Studio Version 17
VisualStudioVersion = 17.7.34221.43
MinimumVisualStudioVersion = 10.0.40219.1
Project("{FAE04EC0-301F-11D3-BF4B-00C04F79EFBC}") = "kadila", "kadila.csproj", "{C93EA0BD-DB1A-429D-AF3A-CD6E2EB2256D}"
EndProject
Global
	GlobalSection(SolutionConfigurationPlatforms) = preSolution
		Debug|Any CPU = Debug|Any CPU
		Release|Any CPU = Release|Any CPU
	EndGlobalSection
	GlobalSection(ProjectConfigurationPlatforms) = postSolution
		{C93EA0BD-DB1A-429D-AF3A-CD6E2EB2256D}.Debug|Any CPU.ActiveCfg = Debug|Any CPU
		{C93EA0BD-DB1A-429D-AF3A-CD6E2EB2256D}.Debug|Any CPU.Build.0 = Debug|Any CPU
		{C93EA0BD-DB1A-429D-AF3A-CD6E2EB2256D}.Release|Any CPU.ActiveCfg = Release|Any CPU
		{C93EA0BD-DB1A-429D-AF3A-CD6E2EB2256D}.Release|Any CPU.Build.0 = Release|Any CPU
	EndGlobalSection
	GlobalSection(SolutionProperties) = preSolution
		HideSolutionNode = FALSE
	EndGlobalSection
	GlobalSection(ExtensibilityGlobals) = postSolution
		SolutionGuid = {6FC8E462-9728-465B-9A45-FF76045412E3}
	EndGlobalSection
EndGlobal
